
Microsoft Visual Studio Solution File, Format Version 12.00
# Visual Studio Version 16
VisualStudioVersion = 16.0.30114.105
MinimumVisualStudioVersion = 10.0.40219.1
Project("{FAE04EC0-301F-11D3-BF4B-00C04F79EFBC}") = "FM0.3", "FM0.3\FM0.3.csproj", "{BD9B1E46-9941-4BCF-817A-3A6CC1B6A9A5}"
EndProject
Global
	GlobalSection(SolutionConfigurationPlatforms) = preSolution
		Debug|Any CPU = Debug|Any CPU
		Release|Any CPU = Release|Any CPU
	EndGlobalSection
	GlobalSection(ProjectConfigurationPlatforms) = postSolution
		{BD9B1E46-9941-4BCF-817A-3A6CC1B6A9A5}.Debug|Any CPU.ActiveCfg = Debug|Any CPU
		{BD9B1E46-9941-4BCF-817A-3A6CC1B6A9A5}.Debug|Any CPU.Build.0 = Debug|Any CPU
		{BD9B1E46-9941-4BCF-817A-3A6CC1B6A9A5}.Release|Any CPU.ActiveCfg = Release|Any CPU
		{BD9B1E46-9941-4BCF-817A-3A6CC1B6A9A5}.Release|Any CPU.Build.0 = Release|Any CPU
	EndGlobalSection
	GlobalSection(SolutionProperties) = preSolution
		HideSolutionNode = FALSE
	EndGlobalSection
	GlobalSection(ExtensibilityGlobals) = postSolution
		SolutionGuid = {8F411805-2E05-47D1-BFE0-82A56C484AE2}
	EndGlobalSection
EndGlobal
